BASEDPYRIGHT_VERSION=1.13.0
RUFF_VERSION=0.6.4

JDTLS_VERSION=1.40.0
JDTLS_URL=https://www.eclipse.org/downloads/download.php?file=/jdtls/snapshots/jdt-language-server-${JDTLS_VERSION}-202406271335.tar.gz
JDTLS_SHA256=

LOMBOK_VERSION=1.18.34
LOMBOK_URL=https://projectlombok.org/downloads/lombok-${LOMBOK_VERSION}.jar
LOMBOK_SHA256=

JAVA_DEBUG_VERSION=0.58.0
JAVA_DEBUG_URL=https://github.com/microsoft/vscode-java-debug/releases/download/v${JAVA_DEBUG_VERSION}/vscjava.vscode-java-debug-${JAVA_DEBUG_VERSION}.vsix
JAVA_DEBUG_SHA256=

JAVA_TEST_VERSION=0.43.0
JAVA_TEST_URL=https://github.com/microsoft/vscode-java-test/releases/download/v${JAVA_TEST_VERSION}/vscjava.vscode-java-test-${JAVA_TEST_VERSION}.vsix
JAVA_TEST_SHA256=
